{
  "version": 4,
  "terraform_version": "1.3.7",
  "serial": 16,
  "lineage": "bd80e3ed-2ef4-dd2f-197c-e9e540a939d9",
  "outputs": {},
  "resources": [
    {
      "mode": "managed",
      "type": "aws_ecr_repository",
      "name": "private",
      "provider": "provider[\"registry.terraform.io/hashicorp/aws\"]",
      "instances": [
        {
          "schema_version": 0,
          "attributes": {
            "arn": "arn:aws:ecr:us-east-1:857848095906:repository/peex",
            "encryption_configuration": [
              {
                "encryption_type": "AES256",
                "kms_key": ""
              }
            ],
            "force_delete": null,
            "id": "peex",
            "image_scanning_configuration": [
              {
                "scan_on_push": false
              }
            ],
            "image_tag_mutability": "MUTABLE",
            "name": "peex",
            "registry_id": "857848095906",
            "repository_url": "857848095906.dkr.ecr.us-east-1.amazonaws.com/peex",
            "tags": {
              "Environment": "PeeX",
              "Name": "PeeX ECR repository"
            },
            "tags_all": {
              "Environment": "PeeX",
              "Name": "PeeX ECR repository"
            },
            "timeouts": null
          },
          "sensitive_attributes": [],
          "private": "eyJlMmJmYjczMC1lY2FhLTExZTYtOGY4OC0zNDM2M2JjN2M0YzAiOnsiZGVsZXRlIjoxMjAwMDAwMDAwMDAwfX0="
        }
      ]
    },
    {
      "mode": "managed",
      "type": "aws_iam_user",
      "name": "ecr_user",
      "provider": "provider[\"registry.terraform.io/hashicorp/aws\"]",
      "instances": [
        {
          "schema_version": 0,
          "attributes": {
            "arn": "arn:aws:iam::857848095906:user/peex_ecr_user",
            "force_destroy": false,
            "id": "peex_ecr_user",
            "name": "peex_ecr_user",
            "path": "/",
            "permissions_boundary": null,
            "tags": {
              "Environment": "PeeX",
              "Name": "PeeX ECR repository"
            },
            "tags_all": {
              "Environment": "PeeX",
              "Name": "PeeX ECR repository"
            },
            "unique_id": "AIDA4PO53ESRJBGJ5WISP"
          },
          "sensitive_attributes": [],
          "private": "bnVsbA=="
        }
      ]
    },
    {
      "mode": "managed",
      "type": "aws_iam_user_policy",
      "name": "ecr_user",
      "provider": "provider[\"registry.terraform.io/hashicorp/aws\"]",
      "instances": [
        {
          "schema_version": 0,
          "attributes": {
            "id": "peex_ecr_user:peex_ecr_policy",
            "name": "peex_ecr_policy",
            "name_prefix": null,
            "policy": "{\r\n   \"Version\":\"2012-10-17\",\r\n   \"Statement\":[\r\n      {\r\n         \"Sid\":\"ListImagesInRepository\",\r\n         \"Effect\":\"Allow\",\r\n         \"Action\":[\r\n            \"ecr:ListImages\"\r\n         ],\r\n         \"Resource\":\"arn:aws:ecr:us-east-1:857848095906:repository/peex\"\r\n      },\r\n      {\r\n         \"Sid\":\"GetAuthorizationToken\",\r\n         \"Effect\":\"Allow\",\r\n         \"Action\":[\r\n            \"ecr:GetAuthorizationToken\"\r\n         ],\r\n         \"Resource\":\"*\"\r\n      },\r\n      {\r\n         \"Sid\":\"ManageRepositoryContents\",\r\n         \"Effect\":\"Allow\",\r\n         \"Action\":[\r\n                \"ecr:BatchCheckLayerAvailability\",\r\n                \"ecr:BatchDeleteImage\",\r\n                \"ecr:GetDownloadUrlForLayer\",\r\n                \"ecr:GetRepositoryPolicy\",\r\n                \"ecr:DescribeRepositories\",\r\n                \"ecr:ListImages\",\r\n                \"ecr:DescribeImages\",\r\n                \"ecr:BatchGetImage\",\r\n                \"ecr:InitiateLayerUpload\",\r\n                \"ecr:UploadLayerPart\",\r\n                \"ecr:CompleteLayerUpload\",\r\n                \"ecr:PutImage\"\r\n         ],\r\n         \"Resource\":\"arn:aws:ecr:us-east-1:857848095906:repository/peex\"\r\n      }\r\n   ]\r\n}",
            "user": "peex_ecr_user"
          },
          "sensitive_attributes": [],
          "private": "bnVsbA==",
          "dependencies": [
            "aws_ecr_repository.private",
            "aws_iam_user.ecr_user"
          ]
        }
      ]
    }
  ],
  "check_results": null
}
